Microsoft Visual Studio Solution File, Format Version 12.00
# Visual Studio 15
VisualStudioVersion = 15.0.26730.12
MinimumVisualStudioVersion = 15.0.26124.0
Project("{9A19103F-16F7-4668-BE54-9A1E7A4F7556}") = "BoxCLI", "BoxCLI\BoxCLI.csproj", "{A86C51B7-E29D-4677-A3A5-00EAB0E4461D}"
EndProject
Project("{9A19103F-16F7-4668-BE54-9A1E7A4F7556}") = "BoxCLI.UnitTests", "BoxCLI.UnitTests\BoxCLI.UnitTests.csproj", "{797BCC2F-50D4-4E30-8D59-2AA50797454F}"
EndProject
Project("{930C7802-8A8C-48F9-8165-68863BCCD9DD}") = "BoxCLIInstaller", "BoxCLIInstaller\BoxCLIInstaller.wixproj", "{59A79EF3-2020-4846-B12E-D6B50A8E9BFA}"
EndProject
Global
	GlobalSection(SolutionConfigurationPlatforms) = preSolution
		Debug|Any CPU = Debug|Any CPU
		Debug|x64 = Debug|x64
		Debug|x86 = Debug|x86
		Release|Any CPU = Release|Any CPU
		Release|x64 = Release|x64
		Release|x86 = Release|x86
	EndGlobalSection
	GlobalSection(ProjectConfigurationPlatforms) = postSolution
		{A86C51B7-E29D-4677-A3A5-00EAB0E4461D}.Debug|Any CPU.ActiveCfg = Debug|Any CPU
		{A86C51B7-E29D-4677-A3A5-00EAB0E4461D}.Debug|Any CPU.Build.0 = Debug|Any CPU
		{A86C51B7-E29D-4677-A3A5-00EAB0E4461D}.Debug|x64.ActiveCfg = Debug|Any CPU
		{A86C51B7-E29D-4677-A3A5-00EAB0E4461D}.Debug|x64.Build.0 = Debug|Any CPU
		{A86C51B7-E29D-4677-A3A5-00EAB0E4461D}.Debug|x86.ActiveCfg = Debug|Any CPU
		{A86C51B7-E29D-4677-A3A5-00EAB0E4461D}.Debug|x86.Build.0 = Debug|Any CPU
		{A86C51B7-E29D-4677-A3A5-00EAB0E4461D}.Release|Any CPU.ActiveCfg = Release|Any CPU
		{A86C51B7-E29D-4677-A3A5-00EAB0E4461D}.Release|Any CPU.Build.0 = Release|Any CPU
		{A86C51B7-E29D-4677-A3A5-00EAB0E4461D}.Release|x64.ActiveCfg = Release|Any CPU
		{A86C51B7-E29D-4677-A3A5-00EAB0E4461D}.Release|x64.Build.0 = Release|Any CPU
		{A86C51B7-E29D-4677-A3A5-00EAB0E4461D}.Release|x86.ActiveCfg = Release|Any CPU
		{A86C51B7-E29D-4677-A3A5-00EAB0E4461D}.Release|x86.Build.0 = Release|Any CPU
		{797BCC2F-50D4-4E30-8D59-2AA50797454F}.Debug|Any CPU.ActiveCfg = Debug|Any CPU
		{797BCC2F-50D4-4E30-8D59-2AA50797454F}.Debug|Any CPU.Build.0 = Debug|Any CPU
		{797BCC2F-50D4-4E30-8D59-2AA50797454F}.Debug|x64.ActiveCfg = Debug|Any CPU
		{797BCC2F-50D4-4E30-8D59-2AA50797454F}.Debug|x64.Build.0 = Debug|Any CPU
		{797BCC2F-50D4-4E30-8D59-2AA50797454F}.Debug|x86.ActiveCfg = Debug|Any CPU
		{797BCC2F-50D4-4E30-8D59-2AA50797454F}.Debug|x86.Build.0 = Debug|Any CPU
		{797BCC2F-50D4-4E30-8D59-2AA50797454F}.Release|Any CPU.ActiveCfg = Release|Any CPU
		{797BCC2F-50D4-4E30-8D59-2AA50797454F}.Release|Any CPU.Build.0 = Release|Any CPU
		{797BCC2F-50D4-4E30-8D59-2AA50797454F}.Release|x64.ActiveCfg = Release|Any CPU
		{797BCC2F-50D4-4E30-8D59-2AA50797454F}.Release|x64.Build.0 = Release|Any CPU
		{797BCC2F-50D4-4E30-8D59-2AA50797454F}.Release|x86.ActiveCfg = Release|Any CPU
		{797BCC2F-50D4-4E30-8D59-2AA50797454F}.Release|x86.Build.0 = Release|Any CPU
		{59A79EF3-2020-4846-B12E-D6B50A8E9BFA}.Debug|Any CPU.ActiveCfg = Debug|x86
		{59A79EF3-2020-4846-B12E-D6B50A8E9BFA}.Debug|x64.ActiveCfg = Debug|x86
		{59A79EF3-2020-4846-B12E-D6B50A8E9BFA}.Debug|x86.ActiveCfg = Debug|x86
		{59A79EF3-2020-4846-B12E-D6B50A8E9BFA}.Debug|x86.Build.0 = Debug|x86
		{59A79EF3-2020-4846-B12E-D6B50A8E9BFA}.Release|Any CPU.ActiveCfg = Release|x86
		{59A79EF3-2020-4846-B12E-D6B50A8E9BFA}.Release|x64.ActiveCfg = Release|x86
		{59A79EF3-2020-4846-B12E-D6B50A8E9BFA}.Release|x86.ActiveCfg = Release|x86
		{59A79EF3-2020-4846-B12E-D6B50A8E9BFA}.Release|x86.Build.0 = Release|x86
	EndGlobalSection
	GlobalSection(SolutionProperties) = preSolution
		HideSolutionNode = FALSE
	EndGlobalSection
	GlobalSection(ExtensibilityGlobals) = postSolution
		SolutionGuid = {18A66647-6829-450D-A831-520182E96AF7}
	EndGlobalSection
EndGlobal
